
Microsoft Visual Studio Solution File, Format Version 12.00
# Visual Studio Version 17
VisualStudioVersion = 17.6.33829.357
MinimumVisualStudioVersion = 10.0.40219.1
Project("{9A19103F-16F7-4668-BE54-9A1E7A4F7556}") = "Zelt", "Zelt\Zelt.csproj", "{DFF1D958-FAE3-4FB7-A86D-7FCC0C82E82B}"
EndProject
Global
	GlobalSection(SolutionConfigurationPlatforms) = preSolution
		Debug|Any CPU = Debug|Any CPU
		Release|Any CPU = Release|Any CPU
	EndGlobalSection
	GlobalSection(ProjectConfigurationPlatforms) = postSolution
		{DFF1D958-FAE3-4FB7-A86D-7FCC0C82E82B}.Debug|Any CPU.ActiveCfg = Debug|Any CPU
		{DFF1D958-FAE3-4FB7-A86D-7FCC0C82E82B}.Debug|Any CPU.Build.0 = Debug|Any CPU
		{DFF1D958-FAE3-4FB7-A86D-7FCC0C82E82B}.Release|Any CPU.ActiveCfg = Release|Any CPU
		{DFF1D958-FAE3-4FB7-A86D-7FCC0C82E82B}.Release|Any CPU.Build.0 = Release|Any CPU
	EndGlobalSection
	GlobalSection(SolutionProperties) = preSolution
		HideSolutionNode = FALSE
	EndGlobalSection
	GlobalSection(ExtensibilityGlobals) = postSolution
		SolutionGuid = {51502138-C0D2-4CDC-92A1-5B3EB6590DB5}
	EndGlobalSection
EndGlobal
